// !$*UTF8*$!
{
	archiveVersion = 1;
	classes = {
	};
	objectVersion = 77;
	objects = {

/* Begin PBXBuildFile section */
		13C14A174188F3DD57510FDF /* Assets.xcassets in Resources */ = {isa = PBXBuildFile; fileRef = DBAF85E5999C760C8D1DE3C4 /* Assets.xcassets */; };
		2060A8BABC06ECB74AEEB474 /* PrivacyInfo.xcprivacy in Resources */ = {isa = PBXBuildFile; fileRef = 024DF87B092ABCED9BF89F3F /* PrivacyInfo.xcprivacy */; };
		6D514DAC2772D6829E9CCBA2 /* SafetyGate.swift in Sources */ = {isa = PBXBuildFile; fileRef = BAD02B9EEC141C9974293F6D /* SafetyGate.swift */; };
		770772B4BACD835EAA2CDCF5 /* CameraModel.swift in Sources */ = {isa = PBXBuildFile; fileRef = E993C3B18ACF78EDC9B9D9BB /* CameraModel.swift */; };
		9CE73B563A5327B406F59C13 /* NoBonkApp.swift in Sources */ = {isa = PBXBuildFile; fileRef = CC3362E46BF6668DDB66321B /* NoBonkApp.swift */; };
		A7231E6292B6AEC689694024 /* DetectionPolicy.swift in Sources */ = {isa = PBXBuildFile; fileRef = 8482C5F050091DBED235E512 /* DetectionPolicy.swift */; };
/* End PBXBuildFile section */

/* Begin PBXFileReference section */
		024DF87B092ABCED9BF89F3F /* PrivacyInfo.xcprivacy */ = {isa = PBXFileReference; path = PrivacyInfo.xcprivacy; sourceTree = "<group>"; };
		80DBC17AEB03D0A24F116F87 /* NoBonk.app */ = {isa = PBXFileReference; includeInIndex = 0; lastKnownFileType = wrapper.application; path = NoBonk.app; sourceTree = BUILT_PRODUCTS_DIR; };
		8482C5F050091DBED235E512 /* DetectionPolicy.swift */ = {isa = PBXFileReference; lastKnownFileType = sourcecode.swift; path = DetectionPolicy.swift; sourceTree = "<group>"; };
		BAD02B9EEC141C9974293F6D /* SafetyGate.swift */ = {isa = PBXFileReference; lastKnownFileType = sourcecode.swift; path = SafetyGate.swift; sourceTree = "<group>"; };
		CC3362E46BF6668DDB66321B /* NoBonkApp.swift */ = {isa = PBXFileReference; lastKnownFileType = sourcecode.swift; path = NoBonkApp.swift; sourceTree = "<group>"; };
		DBAF85E5999C760C8D1DE3C4 /* Assets.xcassets */ = {isa = PBXFileReference; lastKnownFileType = folder.assetcatalog; path = Assets.xcassets; sourceTree = "<group>"; };
		E993C3B18ACF78EDC9B9D9BB /* CameraModel.swift */ = {isa = PBXFileReference; lastKnownFileType = sourcecode.swift; path = CameraModel.swift; sourceTree = "<group>"; };
/* End PBXFileReference section */

/* Begin PBXGroup section */
		0D991441796F164CA48AB8CB /* NoBonk */ = {
			isa = PBXGroup;
			children = (
				DBAF85E5999C760C8D1DE3C4 /* Assets.xcassets */,
				024DF87B092ABCED9BF89F3F /* PrivacyInfo.xcprivacy */,
				29455365E0C69E61778B301E /* App */,
				C927B4908130E239109C8D5E /* Core */,
			);
			path = NoBonk;
			sourceTree = "<group>";
		};
		16C72CB76E56C6E89ECC3115 = {
			isa = PBXGroup;
			children = (
				0D991441796F164CA48AB8CB /* NoBonk */,
				8B70E8B000408CBA555940D1 /* Products */,
			);
			sourceTree = "<group>";
		};
		29455365E0C69E61778B301E /* App */ = {
			isa = PBXGroup;
			children = (
				E993C3B18ACF78EDC9B9D9BB /* CameraModel.swift */,
				CC3362E46BF6668DDB66321B /* NoBonkApp.swift */,
			);
			path = App;
			sourceTree = "<group>";
		};
		8B70E8B000408CBA555940D1 /* Products */ = {
			isa = PBXGroup;
			children = (
				80DBC17AEB03D0A24F116F87 /* NoBonk.app */,
			);
			name = Products;
			sourceTree = "<group>";
		};
		C927B4908130E239109C8D5E /* Core */ = {
			isa = PBXGroup;
			children = (
				8482C5F050091DBED235E512 /* DetectionPolicy.swift */,
				BAD02B9EEC141C9974293F6D /* SafetyGate.swift */,
			);
			path = Core;
			sourceTree = "<group>";
		};
/* End PBXGroup section */

/* Begin PBXNativeTarget section */
		8194D093A568E5D2EFA618C7 /* NoBonk */ = {
			isa = PBXNativeTarget;
			buildConfigurationList = FDFA76AAC41CD728D4863119 /* Build configuration list for PBXNativeTarget "NoBonk" */;
			buildPhases = (
				3E1524D288D49C36C7C8AFCC /* Sources */,
				718DE1C3C1767F7FD61698F8 /* Resources */,
			);
			buildRules = (
			);
			dependencies = (
			);
			name = NoBonk;
			packageProductDependencies = (
			);
			productName = NoBonk;
			productReference = 80DBC17AEB03D0A24F116F87 /* NoBonk.app */;
			productType = "com.apple.product-type.application";
		};
/* End PBXNativeTarget section */

/* Begin PBXProject section */
		E6107FB31F2761081659E550 /* Project object */ = {
			isa = PBXProject;
			attributes = {
				BuildIndependentTargetsInParallel = YES;
				LastUpgradeCheck = 1430;
				TargetAttributes = {
					8194D093A568E5D2EFA618C7 = {
						ProvisioningStyle = Automatic;
					};
				};
			};
			buildConfigurationList = 8FE3EB26CEE328CCC04072D5 /* Build configuration list for PBXProject "NoBonk" */;
			compatibilityVersion = "Xcode 14.0";
			developmentRegion = en;
			hasScannedForEncodings = 0;
			knownRegions = (
				Base,
				en,
			);
			mainGroup = 16C72CB76E56C6E89ECC3115;
			minimizedProjectReferenceProxies = 1;
			preferredProjectObjectVersion = 77;
			projectDirPath = "";
			projectRoot = "";
			targets = (
				8194D093A568E5D2EFA618C7 /* NoBonk */,
			);
		};
/* End PBXProject section */

/* Begin PBXResourcesBuildPhase section */
		718DE1C3C1767F7FD61698F8 /* Resources */ = {
			isa = PBXResourcesBuildPhase;
			buildActionMask = 2147483647;
			files = (
				13C14A174188F3DD57510FDF /* Assets.xcassets in Resources */,
				2060A8BABC06ECB74AEEB474 /* PrivacyInfo.xcprivacy in Resources */,
			);
			runOnlyForDeploymentPostprocessing = 0;
		};
/* End PBXResourcesBuildPhase section */

/* Begin PBXSourcesBuildPhase section */
		3E1524D288D49C36C7C8AFCC /* Sources */ = {
			isa = PBXSourcesBuildPhase;
			buildActionMask = 2147483647;
			files = (
				770772B4BACD835EAA2CDCF5 /* CameraModel.swift in Sources */,
				A7231E6292B6AEC689694024 /* DetectionPolicy.swift in Sources */,
				9CE73B563A5327B406F59C13 /* NoBonkApp.swift in Sources */,
				6D514DAC2772D6829E9CCBA2 /* SafetyGate.swift in Sources */,
			);
			runOnlyForDeploymentPostprocessing = 0;
		};
/* End PBXSourcesBuildPhase section */

/* Begin XCBuildConfiguration section */
		0004532AA91AADD772787937 /* Debug */ = {
			isa = XCBuildConfiguration;
			buildSettings = {
				ALWAYS_SEARCH_USER_PATHS = NO;
				CLANG_ANALYZER_NONNULL = YES;
				CLANG_ANALYZER_NUMBER_OBJECT_CONVERSION = YES_AGGRESSIVE;
				CLANG_CXX_LANGUAGE_STANDARD = "gnu++14";
				CLANG_CXX_LIBRARY = "libc++";
				CLANG_ENABLE_MODULES = YES;
				CLANG_ENABLE_OBJC_ARC = YES;
				CLANG_ENABLE_OBJC_WEAK = YES;
				CLANG_WARN_BLOCK_CAPTURE_AUTORELEASING = YES;
				CLANG_WARN_BOOL_CONVERSION = YES;
				CLANG_WARN_COMMA = YES;
				CLANG_WARN_CONSTANT_CONVERSION = YES;
				CLANG_WARN_DEPRECATED_OBJC_IMPLEMENTATIONS = YES;
				CLANG_WARN_DIRECT_OBJC_ISA_USAGE = YES_ERROR;
				CLANG_WARN_DOCUMENTATION_COMMENTS = YES;
				CLANG_WARN_EMPTY_BODY = YES;
				CLANG_WARN_ENUM_CONVERSION = YES;
				CLANG_WARN_INFINITE_RECURSION = YES;
				CLANG_WARN_INT_CONVERSION = YES;
				CLANG_WARN_NON_LITERAL_NULL_CONVERSION = YES;
				CLANG_WARN_OBJC_IMPLICIT_RETAIN_SELF = YES;
				CLANG_WARN_OBJC_LITERAL_CONVERSION = YES;
				CLANG_WARN_OBJC_ROOT_CLASS = YES_ERROR;
				CLANG_WARN_QUOTED_INCLUDE_IN_FRAMEWORK_HEADER = YES;
				CLANG_WARN_RANGE_LOOP_ANALYSIS = YES;
				CLANG_WARN_STRICT_PROTOTYPES = YES;
				CLANG_WARN_SUSPICIOUS_MOVE = YES;
				CLANG_WARN_UNGUARDED_AVAILABILITY = YES_AGGRESSIVE;
				CLANG_WARN_UNREACHABLE_CODE = YES;
				CLANG_WARN__DUPLICATE_METHOD_MATCH = YES;
				CODE_SIGN_STYLE = Automatic;
				COPY_PHASE_STRIP = NO;
				CURRENT_PROJECT_VERSION = 1;
				DEBUG_INFORMATION_FORMAT = dwarf;
				ENABLE_STRICT_OBJC_MSGSEND = YES;
				ENABLE_TESTABILITY = YES;
				GCC_C_LANGUAGE_STANDARD = gnu11;
				GCC_DYNAMIC_NO_PIC = NO;
				GCC_NO_COMMON_BLOCKS = YES;
				GCC_OPTIMIZATION_LEVEL = 0;
				GCC_PREPROCESSOR_DEFINITIONS = (
					"$(inherited)",
					"DEBUG=1",
				);
				GCC_WARN_64_TO_32_BIT_CONVERSION = YES;
				GCC_WARN_ABOUT_RETURN_TYPE = YES_ERROR;
				GCC_WARN_UNDECLARED_SELECTOR = YES;
				GCC_WARN_UNINITIALIZED_AUTOS = YES_AGGRESSIVE;
				GCC_WARN_UNUSED_FUNCTION = YES;
				GCC_WARN_UNUSED_VARIABLE = YES;
				IPHONEOS_DEPLOYMENT_TARGET = 17.0;
				MARKETING_VERSION = 0.1.0;
				MTL_ENABLE_DEBUG_INFO = INCLUDE_SOURCE;
				MTL_FAST_MATH = YES;
				ONLY_ACTIVE_ARCH = YES;
				PRODUCT_NAME = "$(TARGET_NAME)";
				SDKROOT = iphoneos;
				SWIFT_ACTIVE_COMPILATION_CONDITIONS = DEBUG;
				SWIFT_OPTIMIZATION_LEVEL = "-Onone";
				SWIFT_VERSION = 5.0;
				TARGETED_DEVICE_FAMILY = 1;
			};
			name = Debug;
		};
		1460C2769C0626274E291704 /* Release */ = {
			isa = XCBuildConfiguration;
			buildSettings = {
				ASSETCATALOG_COMPILER_APPICON_NAME = AppIcon;
				CODE_SIGN_IDENTITY = "iPhone Developer";
				GENERATE_INFOPLIST_FILE = NO;
				INFOPLIST_FILE = NoBonk/Info.plist;
				LD_RUNPATH_SEARCH_PATHS = (
					"$(inherited)",
					"@executable_path/Frameworks",
				);
				PRODUCT_BUNDLE_IDENTIFIER = ai.genwhy.nobonk;
				SDKROOT = iphoneos;
				TARGETED_DEVICE_FAMILY = 1;
			};
			name = Release;
		};
		A267A1FE738EE39BCA33F976 /* Debug */ = {
			isa = XCBuildConfiguration;
			buildSettings = {
				ASSETCATALOG_COMPILER_APPICON_NAME = AppIcon;
				CODE_SIGN_IDENTITY = "iPhone Developer";
				GENERATE_INFOPLIST_FILE = NO;
				INFOPLIST_FILE = NoBonk/Info.plist;
				LD_RUNPATH_SEARCH_PATHS = (
					"$(inherited)",
					"@executable_path/Frameworks",
				);
				PRODUCT_BUNDLE_IDENTIFIER = ai.genwhy.nobonk;
				SDKROOT = iphoneos;
				TARGETED_DEVICE_FAMILY = 1;
			};
			name = Debug;
		};
		DE6E2EABD7EBD18F237C8970 /* Release */ = {
			isa = XCBuildConfiguration;
			buildSettings = {
				ALWAYS_SEARCH_USER_PATHS = NO;
				CLANG_ANALYZER_NONNULL = YES;
				CLANG_ANALYZER_NUMBER_OBJECT_CONVERSION = YES_AGGRESSIVE;
				CLANG_CXX_LANGUAGE_STANDARD = "gnu++14";
				CLANG_CXX_LIBRARY = "libc++";
				CLANG_ENABLE_MODULES = YES;
				CLANG_ENABLE_OBJC_ARC = YES;
				CLANG_ENABLE_OBJC_WEAK = YES;
				CLANG_WARN_BLOCK_CAPTURE_AUTORELEASING = YES;
				CLANG_WARN_BOOL_CONVERSION = YES;
				CLANG_WARN_COMMA = YES;
				CLANG_WARN_CONSTANT_CONVERSION = YES;
				CLANG_WARN_DEPRECATED_OBJC_IMPLEMENTATIONS = YES;
				CLANG_WARN_DIRECT_OBJC_ISA_USAGE = YES_ERROR;
				CLANG_WARN_DOCUMENTATION_COMMENTS = YES;
				CLANG_WARN_EMPTY_BODY = YES;
				CLANG_WARN_ENUM_CONVERSION = YES;
				CLANG_WARN_INFINITE_RECURSION = YES;
				CLANG_WARN_INT_CONVERSION = YES;
				CLANG_WARN_NON_LITERAL_NULL_CONVERSION = YES;
				CLANG_WARN_OBJC_IMPLICIT_RETAIN_SELF = YES;
				CLANG_WARN_OBJC_LITERAL_CONVERSION = YES;
				CLANG_WARN_OBJC_ROOT_CLASS = YES_ERROR;
				CLANG_WARN_QUOTED_INCLUDE_IN_FRAMEWORK_HEADER = YES;
				CLANG_WARN_RANGE_LOOP_ANALYSIS = YES;
				CLANG_WARN_STRICT_PROTOTYPES = YES;
				CLANG_WARN_SUSPICIOUS_MOVE = YES;
				CLANG_WARN_UNGUARDED_AVAILABILITY = YES_AGGRESSIVE;
				CLANG_WARN_UNREACHABLE_CODE = YES;
				CLANG_WARN__DUPLICATE_METHOD_MATCH = YES;
				CODE_SIGN_STYLE = Automatic;
				COPY_PHASE_STRIP = NO;
				CURRENT_PROJECT_VERSION = 1;
				DEBUG_INFORMATION_FORMAT = "dwarf-with-dsym";
				ENABLE_NS_ASSERTIONS = NO;
				ENABLE_STRICT_OBJC_MSGSEND = YES;
				GCC_C_LANGUAGE_STANDARD = gnu11;
				GCC_NO_COMMON_BLOCKS = YES;
				GCC_WARN_64_TO_32_BIT_CONVERSION = YES;
				GCC_WARN_ABOUT_RETURN_TYPE = YES_ERROR;
				GCC_WARN_UNDECLARED_SELECTOR = YES;
				GCC_WARN_UNINITIALIZED_AUTOS = YES_AGGRESSIVE;
				GCC_WARN_UNUSED_FUNCTION = YES;
				GCC_WARN_UNUSED_VARIABLE = YES;
				IPHONEOS_DEPLOYMENT_TARGET = 17.0;
				MARKETING_VERSION = 0.1.0;
				MTL_ENABLE_DEBUG_INFO = NO;
				MTL_FAST_MATH = YES;
				PRODUCT_NAME = "$(TARGET_NAME)";
				SDKROOT = iphoneos;
				SWIFT_COMPILATION_MODE = wholemodule;
				SWIFT_OPTIMIZATION_LEVEL = "-O";
				SWIFT_VERSION = 5.0;
				TARGETED_DEVICE_FAMILY = 1;
			};
			name = Release;
		};
/* End XCBuildConfiguration section */

/* Begin XCConfigurationList section */
		8FE3EB26CEE328CCC04072D5 /* Build configuration list for PBXProject "NoBonk" */ = {
			isa = XCConfigurationList;
			buildConfigurations = (
				0004532AA91AADD772787937 /* Debug */,
				DE6E2EABD7EBD18F237C8970 /* Release */,
			);
			defaultConfigurationIsVisible = 0;
			defaultConfigurationName = Debug;
		};
		FDFA76AAC41CD728D4863119 /* Build configuration list for PBXNativeTarget "NoBonk" */ = {
			isa = XCConfigurationList;
			buildConfigurations = (
				A267A1FE738EE39BCA33F976 /* Debug */,
				1460C2769C0626274E291704 /* Release */,
			);
			defaultConfigurationIsVisible = 0;
			defaultConfigurationName = Debug;
		};
/* End XCConfigurationList section */
	};
	rootObject = E6107FB31F2761081659E550 /* Project object */;
}
